// !$*UTF8*$!
{
	archiveVersion = 1;
	classes = {
	};
	objectVersion = 56;
	objects = {

/* Begin PBXBuildFile section */
		123008402A32810B00A43ADF /* QiitaApiModel.swift in Sources */ = {isa = PBXBuildFile; fileRef = 1230083F2A32810B00A43ADF /* QiitaApiModel.swift */; };
		123008462A330DB200A43ADF /* QiitaApiDataModel.swift in Sources */ = {isa = PBXBuildFile; fileRef = 123008452A330DB200A43ADF /* QiitaApiDataModel.swift */; };
		123008482A33131400A43ADF /* QiitaArticleViewModel.swift in Sources */ = {isa = PBXBuildFile; fileRef = 123008472A33131400A43ADF /* QiitaArticleViewModel.swift */; };
		1230084A2A33169100A43ADF /* DisplayDateViewModel.swift in Sources */ = {isa = PBXBuildFile; fileRef = 123008492A33169100A43ADF /* DisplayDateViewModel.swift */; };
		1230084C2A3321F200A43ADF /* RowArticleView.swift in Sources */ = {isa = PBXBuildFile; fileRef = 1230084B2A3321F100A43ADF /* RowArticleView.swift */; };
		1230084E2A3461C900A43ADF /* QiitaParameterModel.swift in Sources */ = {isa = PBXBuildFile; fileRef = 1230084D2A3461C900A43ADF /* QiitaParameterModel.swift */; };
		123008522A46E6AA00A43ADF /* QiitaQueryModel.swift in Sources */ = {isa = PBXBuildFile; fileRef = 123008512A46E6AA00A43ADF /* QiitaQueryModel.swift */; };
		123008542A46EAA800A43ADF /* QiitaHeaderView.swift in Sources */ = {isa = PBXBuildFile; fileRef = 123008532A46EAA800A43ADF /* QiitaHeaderView.swift */; };
		123008562A46EAD600A43ADF /* QiitaSearchBoxView.swift in Sources */ = {isa = PBXBuildFile; fileRef = 123008552A46EAD600A43ADF /* QiitaSearchBoxView.swift */; };
		123008592A46F62700A43ADF /* QiitaQueryTypeButtonsView.swift in Sources */ = {isa = PBXBuildFile; fileRef = 123008582A46F62700A43ADF /* QiitaQueryTypeButtonsView.swift */; };
		123364972A31E41200D2EB7D /* QiitaArticleListApp.swift in Sources */ = {isa = PBXBuildFile; fileRef = 123364962A31E41200D2EB7D /* QiitaArticleListApp.swift */; };
		123364992A31E41200D2EB7D /* ListArticleView.swift in Sources */ = {isa = PBXBuildFile; fileRef = 123364982A31E41200D2EB7D /* ListArticleView.swift */; };
		1233649B2A31E41500D2EB7D /* Assets.xcassets in Resources */ = {isa = PBXBuildFile; fileRef = 1233649A2A31E41500D2EB7D /* Assets.xcassets */; };
		1233649E2A31E41500D2EB7D /* Preview Assets.xcassets in Resources */ = {isa = PBXBuildFile; fileRef = 1233649D2A31E41500D2EB7D /* Preview Assets.xcassets */; };
		CD4CF5B9057939DB7CD1D2C3 /* Pods_QiitaArticleList.framework in Frameworks */ = {isa = PBXBuildFile; fileRef = 33629AC59E9D3FE7337CCD65 /* Pods_QiitaArticleList.framework */; };
/* End PBXBuildFile section */

/* Begin PBXFileReference section */
		1230083F2A32810B00A43ADF /* QiitaApiModel.swift */ = {isa = PBXFileReference; lastKnownFileType = sourcecode.swift; path = QiitaApiModel.swift; sourceTree = "<group>"; };
		123008452A330DB200A43ADF /* QiitaApiDataModel.swift */ = {isa = PBXFileReference; lastKnownFileType = sourcecode.swift; path = QiitaApiDataModel.swift; sourceTree = "<group>"; };
		123008472A33131400A43ADF /* QiitaArticleViewModel.swift */ = {isa = PBXFileReference; lastKnownFileType = sourcecode.swift; path = QiitaArticleViewModel.swift; sourceTree = "<group>"; };
		123008492A33169100A43ADF /* DisplayDateViewModel.swift */ = {isa = PBXFileReference; lastKnownFileType = sourcecode.swift; path = DisplayDateViewModel.swift; sourceTree = "<group>"; };
		1230084B2A3321F100A43ADF /* RowArticleView.swift */ = {isa = PBXFileReference; lastKnownFileType = sourcecode.swift; path = RowArticleView.swift; sourceTree = "<group>"; };
		1230084D2A3461C900A43ADF /* QiitaParameterModel.swift */ = {isa = PBXFileReference; lastKnownFileType = sourcecode.swift; path = QiitaParameterModel.swift; sourceTree = "<group>"; };
		123008512A46E6AA00A43ADF /* QiitaQueryModel.swift */ = {isa = PBXFileReference; lastKnownFileType = sourcecode.swift; path = QiitaQueryModel.swift; sourceTree = "<group>"; };
		123008532A46EAA800A43ADF /* QiitaHeaderView.swift */ = {isa = PBXFileReference; lastKnownFileType = sourcecode.swift; path = QiitaHeaderView.swift; sourceTree = "<group>"; };
		123008552A46EAD600A43ADF /* QiitaSearchBoxView.swift */ = {isa = PBXFileReference; lastKnownFileType = sourcecode.swift; path = QiitaSearchBoxView.swift; sourceTree = "<group>"; };
		123008582A46F62700A43ADF /* QiitaQueryTypeButtonsView.swift */ = {isa = PBXFileReference; lastKnownFileType = sourcecode.swift; path = QiitaQueryTypeButtonsView.swift; sourceTree = "<group>"; };
		123364932A31E41200D2EB7D /* QiitaArticleList.app */ = {isa = PBXFileReference; explicitFileType = wrapper.application; includeInIndex = 0; path = QiitaArticleList.app; sourceTree = BUILT_PRODUCTS_DIR; };
		123364962A31E41200D2EB7D /* QiitaArticleListApp.swift */ = {isa = PBXFileReference; lastKnownFileType = sourcecode.swift; path = QiitaArticleListApp.swift; sourceTree = "<group>"; };
		123364982A31E41200D2EB7D /* ListArticleView.swift */ = {isa = PBXFileReference; lastKnownFileType = sourcecode.swift; path = ListArticleView.swift; sourceTree = "<group>"; };
		1233649A2A31E41500D2EB7D /* Assets.xcassets */ = {isa = PBXFileReference; lastKnownFileType = folder.assetcatalog; path = Assets.xcassets; sourceTree = "<group>"; };
		1233649D2A31E41500D2EB7D /* Preview Assets.xcassets */ = {isa = PBXFileReference; lastKnownFileType = folder.assetcatalog; path = "Preview Assets.xcassets"; sourceTree = "<group>"; };
		1A68B860845D11B5E43160A1 /* Pods-QiitaArticleList.release.xcconfig */ = {isa = PBXFileReference; includeInIndex = 1; lastKnownFileType = text.xcconfig; name = "Pods-QiitaArticleList.release.xcconfig"; path = "Target Support Files/Pods-QiitaArticleList/Pods-QiitaArticleList.release.xcconfig"; sourceTree = "<group>"; };
		33629AC59E9D3FE7337CCD65 /* Pods_QiitaArticleList.framework */ = {isa = PBXFileReference; explicitFileType = wrapper.framework; includeInIndex = 0; path = Pods_QiitaArticleList.framework; sourceTree = BUILT_PRODUCTS_DIR; };
		AB97A2F3047FF1351C5CC32E /* Pods-QiitaArticleList.debug.xcconfig */ = {isa = PBXFileReference; includeInIndex = 1; lastKnownFileType = text.xcconfig; name = "Pods-QiitaArticleList.debug.xcconfig"; path = "Target Support Files/Pods-QiitaArticleList/Pods-QiitaArticleList.debug.xcconfig"; sourceTree = "<group>"; };
/* End PBXFileReference section */

/* Begin PBXFrameworksBuildPhase section */
		123364902A31E41200D2EB7D /* Frameworks */ = {
			isa = PBXFrameworksBuildPhase;
			buildActionMask = 2147483647;
			files = (
				CD4CF5B9057939DB7CD1D2C3 /* Pods_QiitaArticleList.framework in Frameworks */,
			);
			runOnlyForDeploymentPostprocessing = 0;
		};
/* End PBXFrameworksBuildPhase section */

/* Begin PBXGroup section */
		1230083C2A31E5EE00A43ADF /* ViewModels */ = {
			isa = PBXGroup;
			children = (
				123008472A33131400A43ADF /* QiitaArticleViewModel.swift */,
				123008492A33169100A43ADF /* DisplayDateViewModel.swift */,
			);
			path = ViewModels;
			sourceTree = "<group>";
		};
		1230083D2A31E5F700A43ADF /* Models */ = {
			isa = PBXGroup;
			children = (
				1230083F2A32810B00A43ADF /* QiitaApiModel.swift */,
				123008452A330DB200A43ADF /* QiitaApiDataModel.swift */,
				1230084D2A3461C900A43ADF /* QiitaParameterModel.swift */,
				123008512A46E6AA00A43ADF /* QiitaQueryModel.swift */,
			);
			path = Models;
			sourceTree = "<group>";
		};
		1230083E2A31E5FC00A43ADF /* Views */ = {
			isa = PBXGroup;
			children = (
				123364982A31E41200D2EB7D /* ListArticleView.swift */,
				123008572A46EB1100A43ADF /* Components */,
			);
			path = Views;
			sourceTree = "<group>";
		};
		123008572A46EB1100A43ADF /* Components */ = {
			isa = PBXGroup;
			children = (
				123008532A46EAA800A43ADF /* QiitaHeaderView.swift */,
				123008552A46EAD600A43ADF /* QiitaSearchBoxView.swift */,
				123008582A46F62700A43ADF /* QiitaQueryTypeButtonsView.swift */,
				1230084B2A3321F100A43ADF /* RowArticleView.swift */,
			);
			path = Components;
			sourceTree = "<group>";
		};
		1233648A2A31E41200D2EB7D = {
			isa = PBXGroup;
			children = (
				123364952A31E41200D2EB7D /* QiitaArticleList */,
				123364942A31E41200D2EB7D /* Products */,
				E6F1E5A050A2D05FE45848CC /* Pods */,
				708B68C94E3D69F19A14A0DC /* Frameworks */,
			);
			sourceTree = "<group>";
		};
		123364942A31E41200D2EB7D /* Products */ = {
			isa = PBXGroup;
			children = (
				123364932A31E41200D2EB7D /* QiitaArticleList.app */,
			);
			name = Products;
			sourceTree = "<group>";
		};
		123364952A31E41200D2EB7D /* QiitaArticleList */ = {
			isa = PBXGroup;
			children = (
				123364962A31E41200D2EB7D /* QiitaArticleListApp.swift */,
				1230083E2A31E5FC00A43ADF /* Views */,
				1230083D2A31E5F700A43ADF /* Models */,
				1230083C2A31E5EE00A43ADF /* ViewModels */,
				1233649A2A31E41500D2EB7D /* Assets.xcassets */,
				1233649C2A31E41500D2EB7D /* Preview Content */,
			);
			path = QiitaArticleList;
			sourceTree = "<group>";
		};
		1233649C2A31E41500D2EB7D /* Preview Content */ = {
			isa = PBXGroup;
			children = (
				1233649D2A31E41500D2EB7D /* Preview Assets.xcassets */,
			);
			path = "Preview Content";
			sourceTree = "<group>";
		};
		708B68C94E3D69F19A14A0DC /* Frameworks */ = {
			isa = PBXGroup;
			children = (
				33629AC59E9D3FE7337CCD65 /* Pods_QiitaArticleList.framework */,
			);
			name = Frameworks;
			sourceTree = "<group>";
		};
		E6F1E5A050A2D05FE45848CC /* Pods */ = {
			isa = PBXGroup;
			children = (
				AB97A2F3047FF1351C5CC32E /* Pods-QiitaArticleList.debug.xcconfig */,
				1A68B860845D11B5E43160A1 /* Pods-QiitaArticleList.release.xcconfig */,
			);
			path = Pods;
			sourceTree = "<group>";
		};
/* End PBXGroup section */

/* Begin PBXNativeTarget section */
		123364922A31E41200D2EB7D /* QiitaArticleList */ = {
			isa = PBXNativeTarget;
			buildConfigurationList = 123364A12A31E41500D2EB7D /* Build configuration list for PBXNativeTarget "QiitaArticleList" */;
			buildPhases = (
				EC7FEA1A9652F3033AF596C6 /* [CP] Check Pods Manifest.lock */,
				1233648F2A31E41200D2EB7D /* Sources */,
				123364902A31E41200D2EB7D /* Frameworks */,
				123364912A31E41200D2EB7D /* Resources */,
				E0A4664D46232B195CD102FF /* [CP] Embed Pods Frameworks */,
			);
			buildRules = (
			);
			dependencies = (
			);
			name = QiitaArticleList;
			productName = QiitaArticleList;
			productReference = 123364932A31E41200D2EB7D /* QiitaArticleList.app */;
			productType = "com.apple.product-type.application";
		};
/* End PBXNativeTarget section */

/* Begin PBXProject section */
		1233648B2A31E41200D2EB7D /* Project object */ = {
			isa = PBXProject;
			attributes = {
				BuildIndependentTargetsInParallel = 1;
				LastSwiftUpdateCheck = 1420;
				LastUpgradeCheck = 1420;
				TargetAttributes = {
					123364922A31E41200D2EB7D = {
						CreatedOnToolsVersion = 14.2;
					};
				};
			};
			buildConfigurationList = 1233648E2A31E41200D2EB7D /* Build configuration list for PBXProject "QiitaArticleList" */;
			compatibilityVersion = "Xcode 14.0";
			developmentRegion = en;
			hasScannedForEncodings = 0;
			knownRegions = (
				en,
				Base,
			);
			mainGroup = 1233648A2A31E41200D2EB7D;
			productRefGroup = 123364942A31E41200D2EB7D /* Products */;
			projectDirPath = "";
			projectRoot = "";
			targets = (
				123364922A31E41200D2EB7D /* QiitaArticleList */,
			);
		};
/* End PBXProject section */

/* Begin PBXResourcesBuildPhase section */
		123364912A31E41200D2EB7D /* Resources */ = {
			isa = PBXResourcesBuildPhase;
			buildActionMask = 2147483647;
			files = (
				1233649E2A31E41500D2EB7D /* Preview Assets.xcassets in Resources */,
				1233649B2A31E41500D2EB7D /* Assets.xcassets in Resources */,
			);
			runOnlyForDeploymentPostprocessing = 0;
		};
/* End PBXResourcesBuildPhase section */

/* Begin PBXShellScriptBuildPhase section */
		E0A4664D46232B195CD102FF /* [CP] Embed Pods Frameworks */ = {
			isa = PBXShellScriptBuildPhase;
			buildActionMask = 2147483647;
			files = (
			);
			inputFileListPaths = (
				"${PODS_ROOT}/Target Support Files/Pods-QiitaArticleList/Pods-QiitaArticleList-frameworks-${CONFIGURATION}-input-files.xcfilelist",
			);
			name = "[CP] Embed Pods Frameworks";
			outputFileListPaths = (
				"${PODS_ROOT}/Target Support Files/Pods-QiitaArticleList/Pods-QiitaArticleList-frameworks-${CONFIGURATION}-output-files.xcfilelist",
			);
			runOnlyForDeploymentPostprocessing = 0;
			shellPath = /bin/sh;
			shellScript = "\"${PODS_ROOT}/Target Support Files/Pods-QiitaArticleList/Pods-QiitaArticleList-frameworks.sh\"\n";
			showEnvVarsInLog = 0;
		};
		EC7FEA1A9652F3033AF596C6 /* [CP] Check Pods Manifest.lock */ = {
			isa = PBXShellScriptBuildPhase;
			buildActionMask = 2147483647;
			files = (
			);
			inputFileListPaths = (
			);
			inputPaths = (
				"${PODS_PODFILE_DIR_PATH}/Podfile.lock",
				"${PODS_ROOT}/Manifest.lock",
			);
			name = "[CP] Check Pods Manifest.lock";
			outputFileListPaths = (
			);
			outputPaths = (
				"$(DERIVED_FILE_DIR)/Pods-QiitaArticleList-checkManifestLockResult.txt",
			);
			runOnlyForDeploymentPostprocessing = 0;
			shellPath = /bin/sh;
			shellScript = "diff \"${PODS_PODFILE_DIR_PATH}/Podfile.lock\" \"${PODS_ROOT}/Manifest.lock\" > /dev/null\nif [ $? != 0 ] ; then\n    # print error to STDERR\n    echo \"error: The sandbox is not in sync with the Podfile.lock. Run 'pod install' or update your CocoaPods installation.\" >&2\n    exit 1\nfi\n# This output is used by Xcode 'outputs' to avoid re-running this script phase.\necho \"SUCCESS\" > \"${SCRIPT_OUTPUT_FILE_0}\"\n";
			showEnvVarsInLog = 0;
		};
/* End PBXShellScriptBuildPhase section */

/* Begin PBXSourcesBuildPhase section */
		1233648F2A31E41200D2EB7D /* Sources */ = {
			isa = PBXSourcesBuildPhase;
			buildActionMask = 2147483647;
			files = (
				123008592A46F62700A43ADF /* QiitaQueryTypeButtonsView.swift in Sources */,
				123008562A46EAD600A43ADF /* QiitaSearchBoxView.swift in Sources */,
				1230084C2A3321F200A43ADF /* RowArticleView.swift in Sources */,
				123008402A32810B00A43ADF /* QiitaApiModel.swift in Sources */,
				123364992A31E41200D2EB7D /* ListArticleView.swift in Sources */,
				123364972A31E41200D2EB7D /* QiitaArticleListApp.swift in Sources */,
				123008462A330DB200A43ADF /* QiitaApiDataModel.swift in Sources */,
				123008482A33131400A43ADF /* QiitaArticleViewModel.swift in Sources */,
				123008542A46EAA800A43ADF /* QiitaHeaderView.swift in Sources */,
				1230084A2A33169100A43ADF /* DisplayDateViewModel.swift in Sources */,
				1230084E2A3461C900A43ADF /* QiitaParameterModel.swift in Sources */,
				123008522A46E6AA00A43ADF /* QiitaQueryModel.swift in Sources */,
			);
			runOnlyForDeploymentPostprocessing = 0;
		};
/* End PBXSourcesBuildPhase section */

/* Begin XCBuildConfiguration section */
		1233649F2A31E41500D2EB7D /* Debug */ = {
			isa = XCBuildConfiguration;
			buildSettings = {
				ALWAYS_SEARCH_USER_PATHS = NO;
				CLANG_ANALYZER_NONNULL = YES;
				CLANG_ANALYZER_NUMBER_OBJECT_CONVERSION = YES_AGGRESSIVE;
				CLANG_CXX_LANGUAGE_STANDARD = "gnu++20";
				CLANG_ENABLE_MODULES = YES;
				CLANG_ENABLE_OBJC_ARC = YES;
				CLANG_ENABLE_OBJC_WEAK = YES;
				CLANG_WARN_BLOCK_CAPTURE_AUTORELEASING = YES;
				CLANG_WARN_BOOL_CONVERSION = YES;
				CLANG_WARN_COMMA = YES;
				CLANG_WARN_CONSTANT_CONVERSION = YES;
				CLANG_WARN_DEPRECATED_OBJC_IMPLEMENTATIONS = YES;
				CLANG_WARN_DIRECT_OBJC_ISA_USAGE = YES_ERROR;
				CLANG_WARN_DOCUMENTATION_COMMENTS = YES;
				CLANG_WARN_EMPTY_BODY = YES;
				CLANG_WARN_ENUM_CONVERSION = YES;
				CLANG_WARN_INFINITE_RECURSION = YES;
				CLANG_WARN_INT_CONVERSION = YES;
				CLANG_WARN_NON_LITERAL_NULL_CONVERSION = YES;
				CLANG_WARN_OBJC_IMPLICIT_RETAIN_SELF = YES;
				CLANG_WARN_OBJC_LITERAL_CONVERSION = YES;
				CLANG_WARN_OBJC_ROOT_CLASS = YES_ERROR;
				CLANG_WARN_QUOTED_INCLUDE_IN_FRAMEWORK_HEADER = YES;
				CLANG_WARN_RANGE_LOOP_ANALYSIS = YES;
				CLANG_WARN_STRICT_PROTOTYPES = YES;
				CLANG_WARN_SUSPICIOUS_MOVE = YES;
				CLANG_WARN_UNGUARDED_AVAILABILITY = YES_AGGRESSIVE;
				CLANG_WARN_UNREACHABLE_CODE = YES;
				CLANG_WARN__DUPLICATE_METHOD_MATCH = YES;
				COPY_PHASE_STRIP = NO;
				DEBUG_INFORMATION_FORMAT = dwarf;
				ENABLE_STRICT_OBJC_MSGSEND = YES;
				ENABLE_TESTABILITY = YES;
				GCC_C_LANGUAGE_STANDARD = gnu11;
				GCC_DYNAMIC_NO_PIC = NO;
				GCC_NO_COMMON_BLOCKS = YES;
				GCC_OPTIMIZATION_LEVEL = 0;
				GCC_PREPROCESSOR_DEFINITIONS = (
					"DEBUG=1",
					"$(inherited)",
				);
				GCC_WARN_64_TO_32_BIT_CONVERSION = YES;
				GCC_WARN_ABOUT_RETURN_TYPE = YES_ERROR;
				GCC_WARN_UNDECLARED_SELECTOR = YES;
				GCC_WARN_UNINITIALIZED_AUTOS = YES_AGGRESSIVE;
				GCC_WARN_UNUSED_FUNCTION = YES;
				GCC_WARN_UNUSED_VARIABLE = YES;
				IPHONEOS_DEPLOYMENT_TARGET = 16.2;
				MTL_ENABLE_DEBUG_INFO = INCLUDE_SOURCE;
				MTL_FAST_MATH = YES;
				ONLY_ACTIVE_ARCH = YES;
				SDKROOT = iphoneos;
				SWIFT_ACTIVE_COMPILATION_CONDITIONS = DEBUG;
				SWIFT_OPTIMIZATION_LEVEL = "-Onone";
			};
			name = Debug;
		};
		123364A02A31E41500D2EB7D /* Release */ = {
			isa = XCBuildConfiguration;
			buildSettings = {
				ALWAYS_SEARCH_USER_PATHS = NO;
				CLANG_ANALYZER_NONNULL = YES;
				CLANG_ANALYZER_NUMBER_OBJECT_CONVERSION = YES_AGGRESSIVE;
				CLANG_CXX_LANGUAGE_STANDARD = "gnu++20";
				CLANG_ENABLE_MODULES = YES;
				CLANG_ENABLE_OBJC_ARC = YES;
				CLANG_ENABLE_OBJC_WEAK = YES;
				CLANG_WARN_BLOCK_CAPTURE_AUTORELEASING = YES;
				CLANG_WARN_BOOL_CONVERSION = YES;
				CLANG_WARN_COMMA = YES;
				CLANG_WARN_CONSTANT_CONVERSION = YES;
				CLANG_WARN_DEPRECATED_OBJC_IMPLEMENTATIONS = YES;
				CLANG_WARN_DIRECT_OBJC_ISA_USAGE = YES_ERROR;
				CLANG_WARN_DOCUMENTATION_COMMENTS = YES;
				CLANG_WARN_EMPTY_BODY = YES;
				CLANG_WARN_ENUM_CONVERSION = YES;
				CLANG_WARN_INFINITE_RECURSION = YES;
				CLANG_WARN_INT_CONVERSION = YES;
				CLANG_WARN_NON_LITERAL_NULL_CONVERSION = YES;
				CLANG_WARN_OBJC_IMPLICIT_RETAIN_SELF = YES;
				CLANG_WARN_OBJC_LITERAL_CONVERSION = YES;
				CLANG_WARN_OBJC_ROOT_CLASS = YES_ERROR;
				CLANG_WARN_QUOTED_INCLUDE_IN_FRAMEWORK_HEADER = YES;
				CLANG_WARN_RANGE_LOOP_ANALYSIS = YES;
				CLANG_WARN_STRICT_PROTOTYPES = YES;
				CLANG_WARN_SUSPICIOUS_MOVE = YES;
				CLANG_WARN_UNGUARDED_AVAILABILITY = YES_AGGRESSIVE;
				CLANG_WARN_UNREACHABLE_CODE = YES;
				CLANG_WARN__DUPLICATE_METHOD_MATCH = YES;
				COPY_PHASE_STRIP = NO;
				DEBUG_INFORMATION_FORMAT = "dwarf-with-dsym";
				ENABLE_NS_ASSERTIONS = NO;
				ENABLE_STRICT_OBJC_MSGSEND = YES;
				GCC_C_LANGUAGE_STANDARD = gnu11;
				GCC_NO_COMMON_BLOCKS = YES;
				GCC_WARN_64_TO_32_BIT_CONVERSION = YES;
				GCC_WARN_ABOUT_RETURN_TYPE = YES_ERROR;
				GCC_WARN_UNDECLARED_SELECTOR = YES;
				GCC_WARN_UNINITIALIZED_AUTOS = YES_AGGRESSIVE;
				GCC_WARN_UNUSED_FUNCTION = YES;
				GCC_WARN_UNUSED_VARIABLE = YES;
				IPHONEOS_DEPLOYMENT_TARGET = 16.2;
				MTL_ENABLE_DEBUG_INFO = NO;
				MTL_FAST_MATH = YES;
				SDKROOT = iphoneos;
				SWIFT_COMPILATION_MODE = wholemodule;
				SWIFT_OPTIMIZATION_LEVEL = "-O";
				VALIDATE_PRODUCT = YES;
			};
			name = Release;
		};
		123364A22A31E41500D2EB7D /* Debug */ = {
			isa = XCBuildConfiguration;
			baseConfigurationReference = AB97A2F3047FF1351C5CC32E /* Pods-QiitaArticleList.debug.xcconfig */;
			buildSettings = {
				ASSETCATALOG_COMPILER_APPICON_NAME = AppIcon;
				ASSETCATALOG_COMPILER_GLOBAL_ACCENT_COLOR_NAME = AccentColor;
				CODE_SIGN_STYLE = Automatic;
				CURRENT_PROJECT_VERSION = 1;
				DEVELOPMENT_ASSET_PATHS = "\"QiitaArticleList/Preview Content\"";
				DEVELOPMENT_TEAM = CGD79LB65H;
				ENABLE_PREVIEWS = YES;
				GENERATE_INFOPLIST_FILE = YES;
				INFOPLIST_KEY_UIApplicationSceneManifest_Generation = YES;
				INFOPLIST_KEY_UIApplicationSupportsIndirectInputEvents = YES;
				INFOPLIST_KEY_UILaunchScreen_Generation = YES;
				INFOPLIST_KEY_UISupportedInterfaceOrientations_iPad = "UIInterfaceOrientationPortrait UIInterfaceOrientationPortraitUpsideDown UIInterfaceOrientationLandscapeLeft UIInterfaceOrientationLandscapeRight";
				INFOPLIST_KEY_UISupportedInterfaceOrientations_iPhone = "UIInterfaceOrientationPortrait UIInterfaceOrientationLandscapeLeft UIInterfaceOrientationLandscapeRight";
				LD_RUNPATH_SEARCH_PATHS = (
					"$(inherited)",
					"@executable_path/Frameworks",
				);
				MARKETING_VERSION = 1.0;
				PRODUCT_BUNDLE_IDENTIFIER = com.ame.QiitaArticleList;
				PRODUCT_NAME = "$(TARGET_NAME)";
				SWIFT_EMIT_LOC_STRINGS = YES;
				SWIFT_VERSION = 5.0;
				TARGETED_DEVICE_FAMILY = "1,2";
			};
			name = Debug;
		};
		123364A32A31E41500D2EB7D /* Release */ = {
			isa = XCBuildConfiguration;
			baseConfigurationReference = 1A68B860845D11B5E43160A1 /* Pods-QiitaArticleList.release.xcconfig */;
			buildSettings = {
				ASSETCATALOG_COMPILER_APPICON_NAME = AppIcon;
				ASSETCATALOG_COMPILER_GLOBAL_ACCENT_COLOR_NAME = AccentColor;
				CODE_SIGN_STYLE = Automatic;
				CURRENT_PROJECT_VERSION = 1;
				DEVELOPMENT_ASSET_PATHS = "\"QiitaArticleList/Preview Content\"";
				DEVELOPMENT_TEAM = CGD79LB65H;
				ENABLE_PREVIEWS = YES;
				GENERATE_INFOPLIST_FILE = YES;
				INFOPLIST_KEY_UIApplicationSceneManifest_Generation = YES;
				INFOPLIST_KEY_UIApplicationSupportsIndirectInputEvents = YES;
				INFOPLIST_KEY_UILaunchScreen_Generation = YES;
				INFOPLIST_KEY_UISupportedInterfaceOrientations_iPad = "UIInterfaceOrientationPortrait UIInterfaceOrientationPortraitUpsideDown UIInterfaceOrientationLandscapeLeft UIInterfaceOrientationLandscapeRight";
				INFOPLIST_KEY_UISupportedInterfaceOrientations_iPhone = "UIInterfaceOrientationPortrait UIInterfaceOrientationLandscapeLeft UIInterfaceOrientationLandscapeRight";
				LD_RUNPATH_SEARCH_PATHS = (
					"$(inherited)",
					"@executable_path/Frameworks",
				);
				MARKETING_VERSION = 1.0;
				PRODUCT_BUNDLE_IDENTIFIER = com.ame.QiitaArticleList;
				PRODUCT_NAME = "$(TARGET_NAME)";
				SWIFT_EMIT_LOC_STRINGS = YES;
				SWIFT_VERSION = 5.0;
				TARGETED_DEVICE_FAMILY = "1,2";
			};
			name = Release;
		};
/* End XCBuildConfiguration section */

/* Begin XCConfigurationList section */
		1233648E2A31E41200D2EB7D /* Build configuration list for PBXProject "QiitaArticleList" */ = {
			isa = XCConfigurationList;
			buildConfigurations = (
				1233649F2A31E41500D2EB7D /* Debug */,
				123364A02A31E41500D2EB7D /* Release */,
			);
			defaultConfigurationIsVisible = 0;
			defaultConfigurationName = Release;
		};
		123364A12A31E41500D2EB7D /* Build configuration list for PBXNativeTarget "QiitaArticleList" */ = {
			isa = XCConfigurationList;
			buildConfigurations = (
				123364A22A31E41500D2EB7D /* Debug */,
				123364A32A31E41500D2EB7D /* Release */,
			);
			defaultConfigurationIsVisible = 0;
			defaultConfigurationName = Release;
		};
/* End XCConfigurationList section */
	};
	rootObject = 1233648B2A31E41200D2EB7D /* Project object */;
}
